{
  "version": 4,
  "terraform_version": "1.9.3",
  "serial": 3,
  "lineage": "e4f43b4f-b6b1-4a5a-56f7-3156f476f631",
  "outputs": {},
  "resources": [
    {
      "mode": "managed",
      "type": "github_branch",
      "name": "sdks",
      "provider": "provider[\"registry.terraform.io/integrations/github\"]",
      "instances": [
        {
          "schema_version": 0,
          "attributes": {
            "branch": "sdks",
            "etag": "W/\"a69a17972ac9f1232a68e49ed749497543017dec80595e2327d32b5c8b9525c9\"",
            "id": "GitHubExample:sdks",
            "ref": "refs/heads/sdks",
            "repository": "GitHubExample",
            "sha": "2858302def8e5b27606c47f3a8c767dbc9549763",
            "source_branch": "main",
            "source_sha": "2858302def8e5b27606c47f3a8c767dbc9549763"
          },
          "sensitive_attributes": [],
          "private": "bnVsbA=="
        }
      ]
    }
  ],
  "check_results": null
}
